
Microsoft Visual Studio Solution File, Format Version 12.00
# Visual Studio Version 16
VisualStudioVersion = 16.0.30711.63
MinimumVisualStudioVersion = 10.0.40219.1
Project("{FAE04EC0-301F-11D3-BF4B-00C04F79EFBC}") = "Overriding", "Overriding\Overriding.csproj", "{566A6C91-AAA7-4DCE-9356-22D95949BFBA}"
EndProject
Global
	GlobalSection(SolutionConfigurationPlatforms) = preSolution
		Debug|Any CPU = Debug|Any CPU
		Release|Any CPU = Release|Any CPU
	EndGlobalSection
	GlobalSection(ProjectConfigurationPlatforms) = postSolution
		{566A6C91-AAA7-4DCE-9356-22D95949BFBA}.Debug|Any CPU.ActiveCfg = Debug|Any CPU
		{566A6C91-AAA7-4DCE-9356-22D95949BFBA}.Debug|Any CPU.Build.0 = Debug|Any CPU
		{566A6C91-AAA7-4DCE-9356-22D95949BFBA}.Release|Any CPU.ActiveCfg = Release|Any CPU
		{566A6C91-AAA7-4DCE-9356-22D95949BFBA}.Release|Any CPU.Build.0 = Release|Any CPU
	EndGlobalSection
	GlobalSection(SolutionProperties) = preSolution
		HideSolutionNode = FALSE
	EndGlobalSection
	GlobalSection(ExtensibilityGlobals) = postSolution
		SolutionGuid = {F23280AF-E692-409E-A60E-71728FB12D00}
	EndGlobalSection
EndGlobal
